// !$*UTF8*$!
{
	archiveVersion = 1;
	classes = {
	};
	objectVersion = 48;
	objects = {

/* Begin PBXBuildFile section */
		1702271D1FBBC36C008F06EA /* FeedViewController.swift in Sources */ = {isa = PBXBuildFile; fileRef = 1702271C1FBBC36C008F06EA /* FeedViewController.swift */; };
		1702271F1FBE6324008F06EA /* SelfieCell.swift in Sources */ = {isa = PBXBuildFile; fileRef = 1702271E1FBE6324008F06EA /* SelfieCell.swift */; };
		171B91B71FB28C50004D600E /* ProfileViewController.swift in Sources */ = {isa = PBXBuildFile; fileRef = 171B91B61FB28C50004D600E /* ProfileViewController.swift */; };
		171B91B91FB5335F004D600E /* User.swift in Sources */ = {isa = PBXBuildFile; fileRef = 171B91B81FB5335F004D600E /* User.swift */; };
		171B91BB1FB5351B004D600E /* Post.swift in Sources */ = {isa = PBXBuildFile; fileRef = 171B91BA1FB5351B004D600E /* Post.swift */; };
		17AA72B01FABE1E10042FFEE /* AppDelegate.swift in Sources */ = {isa = PBXBuildFile; fileRef = 17AA72AF1FABE1E10042FFEE /* AppDelegate.swift */; };
		17AA72B21FABE1E10042FFEE /* ViewController.swift in Sources */ = {isa = PBXBuildFile; fileRef = 17AA72B11FABE1E10042FFEE /* ViewController.swift */; };
		17AA72B51FABE1E10042FFEE /* Main.storyboard in Resources */ = {isa = PBXBuildFile; fileRef = 17AA72B31FABE1E10042FFEE /* Main.storyboard */; };
		17AA72B71FABE1E10042FFEE /* Assets.xcassets in Resources */ = {isa = PBXBuildFile; fileRef = 17AA72B61FABE1E10042FFEE /* Assets.xcassets */; };
		17AA72BA1FABE1E10042FFEE /* LaunchScreen.storyboard in Resources */ = {isa = PBXBuildFile; fileRef = 17AA72B81FABE1E10042FFEE /* LaunchScreen.storyboard */; };
		17AA72C51FABE1E10042FFEE /* selfieGramTests.swift in Sources */ = {isa = PBXBuildFile; fileRef = 17AA72C41FABE1E10042FFEE /* selfieGramTests.swift */; };
		17AA72D01FABE1E10042FFEE /* selfieGramUITests.swift in Sources */ = {isa = PBXBuildFile; fileRef = 17AA72CF1FABE1E10042FFEE /* selfieGramUITests.swift */; };
		26DBF86E9BBEC84412B6202F /* Pods_selfieGramUITests.framework in Frameworks */ = {isa = PBXBuildFile; fileRef = 41842A6001C07BE7126DA271 /* Pods_selfieGramUITests.framework */; };
		63499790C7DA31B49016A2E6 /* Pods_selfieGram.framework in Frameworks */ = {isa = PBXBuildFile; fileRef = E1ECFCFD947C494FA1DF00E9 /* Pods_selfieGram.framework */; };
		A0B410A4BAAD5B00184348DF /* Pods_selfieGramTests.framework in Frameworks */ = {isa = PBXBuildFile; fileRef = AC44E644AB7F9CB8204A767A /* Pods_selfieGramTests.framework */; };
/* End PBXBuildFile section */

/* Begin PBXContainerItemProxy section */
		17AA72C11FABE1E10042FFEE /* PBXContainerItemProxy */ = {
			isa = PBXContainerItemProxy;
			containerPortal = 17AA72A41FABE1E00042FFEE /* Project object */;
			proxyType = 1;
			remoteGlobalIDString = 17AA72AB1FABE1E00042FFEE;
			remoteInfo = selfieGram;
		};
		17AA72CC1FABE1E10042FFEE /* PBXContainerItemProxy */ = {
			isa = PBXContainerItemProxy;
			containerPortal = 17AA72A41FABE1E00042FFEE /* Project object */;
			proxyType = 1;
			remoteGlobalIDString = 17AA72AB1FABE1E00042FFEE;
			remoteInfo = selfieGram;
		};
/* End PBXContainerItemProxy section */

/* Begin PBXFileReference section */
		13185DE47A51AB28AC6FCEC5 /* Pods-selfieGramUITests.debug.xcconfig */ = {isa = PBXFileReference; includeInIndex = 1; lastKnownFileType = text.xcconfig; name = "Pods-selfieGramUITests.debug.xcconfig"; path = "Pods/Target Support Files/Pods-selfieGramUITests/Pods-selfieGramUITests.debug.xcconfig"; sourceTree = "<group>"; };
		1702271C1FBBC36C008F06EA /* FeedViewController.swift */ = {isa = PBXFileReference; lastKnownFileType = sourcecode.swift; path = FeedViewController.swift; sourceTree = "<group>"; };
		1702271E1FBE6324008F06EA /* SelfieCell.swift */ = {isa = PBXFileReference; lastKnownFileType = sourcecode.swift; path = SelfieCell.swift; sourceTree = "<group>"; };
		171B91B61FB28C50004D600E /* ProfileViewController.swift */ = {isa = PBXFileReference; lastKnownFileType = sourcecode.swift; path = ProfileViewController.swift; sourceTree = "<group>"; };
		171B91B81FB5335F004D600E /* User.swift */ = {isa = PBXFileReference; lastKnownFileType = sourcecode.swift; path = User.swift; sourceTree = "<group>"; };
		171B91BA1FB5351B004D600E /* Post.swift */ = {isa = PBXFileReference; lastKnownFileType = sourcecode.swift; path = Post.swift; sourceTree = "<group>"; };
		17AA72AC1FABE1E00042FFEE /* selfieGram.app */ = {isa = PBXFileReference; explicitFileType = wrapper.application; includeInIndex = 0; path = selfieGram.app; sourceTree = BUILT_PRODUCTS_DIR; };
		17AA72AF1FABE1E10042FFEE /* AppDelegate.swift */ = {isa = PBXFileReference; lastKnownFileType = sourcecode.swift; path = AppDelegate.swift; sourceTree = "<group>"; };
		17AA72B11FABE1E10042FFEE /* ViewController.swift */ = {isa = PBXFileReference; lastKnownFileType = sourcecode.swift; path = ViewController.swift; sourceTree = "<group>"; };
		17AA72B41FABE1E10042FFEE /* Base */ = {isa = PBXFileReference; lastKnownFileType = file.storyboard; name = Base; path = Base.lproj/Main.storyboard; sourceTree = "<group>"; };
		17AA72B61FABE1E10042FFEE /* Assets.xcassets */ = {isa = PBXFileReference; lastKnownFileType = folder.assetcatalog; path = Assets.xcassets; sourceTree = "<group>"; };
		17AA72B91FABE1E10042FFEE /* Base */ = {isa = PBXFileReference; lastKnownFileType = file.storyboard; name = Base; path = Base.lproj/LaunchScreen.storyboard; sourceTree = "<group>"; };
		17AA72BB1FABE1E10042FFEE /* Info.plist */ = {isa = PBXFileReference; lastKnownFileType = text.plist.xml; path = Info.plist; sourceTree = "<group>"; };
		17AA72C01FABE1E10042FFEE /* selfieGramTests.xctest */ = {isa = PBXFileReference; explicitFileType = wrapper.cfbundle; includeInIndex = 0; path = selfieGramTests.xctest; sourceTree = BUILT_PRODUCTS_DIR; };
		17AA72C41FABE1E10042FFEE /* selfieGramTests.swift */ = {isa = PBXFileReference; lastKnownFileType = sourcecode.swift; path = selfieGramTests.swift; sourceTree = "<group>"; };
		17AA72C61FABE1E10042FFEE /* Info.plist */ = {isa = PBXFileReference; lastKnownFileType = text.plist.xml; path = Info.plist; sourceTree = "<group>"; };
		17AA72CB1FABE1E10042FFEE /* selfieGramUITests.xctest */ = {isa = PBXFileReference; explicitFileType = wrapper.cfbundle; includeInIndex = 0; path = selfieGramUITests.xctest; sourceTree = BUILT_PRODUCTS_DIR; };
		17AA72CF1FABE1E10042FFEE /* selfieGramUITests.swift */ = {isa = PBXFileReference; lastKnownFileType = sourcecode.swift; path = selfieGramUITests.swift; sourceTree = "<group>"; };
		17AA72D11FABE1E10042FFEE /* Info.plist */ = {isa = PBXFileReference; lastKnownFileType = text.plist.xml; path = Info.plist; sourceTree = "<group>"; };
		1E750DFB1BA7426FC1D3E8EF /* Pods-selfieGramTests.release.xcconfig */ = {isa = PBXFileReference; includeInIndex = 1; lastKnownFileType = text.xcconfig; name = "Pods-selfieGramTests.release.xcconfig"; path = "Pods/Target Support Files/Pods-selfieGramTests/Pods-selfieGramTests.release.xcconfig"; sourceTree = "<group>"; };
		41842A6001C07BE7126DA271 /* Pods_selfieGramUITests.framework */ = {isa = PBXFileReference; explicitFileType = wrapper.framework; includeInIndex = 0; path = Pods_selfieGramUITests.framework; sourceTree = BUILT_PRODUCTS_DIR; };
		46399594134A934D6D21CE95 /* Pods-selfieGramTests.debug.xcconfig */ = {isa = PBXFileReference; includeInIndex = 1; lastKnownFileType = text.xcconfig; name = "Pods-selfieGramTests.debug.xcconfig"; path = "Pods/Target Support Files/Pods-selfieGramTests/Pods-selfieGramTests.debug.xcconfig"; sourceTree = "<group>"; };
		75F23320E1EB980EB75B8644 /* Pods-selfieGramUITests.release.xcconfig */ = {isa = PBXFileReference; includeInIndex = 1; lastKnownFileType = text.xcconfig; name = "Pods-selfieGramUITests.release.xcconfig"; path = "Pods/Target Support Files/Pods-selfieGramUITests/Pods-selfieGramUITests.release.xcconfig"; sourceTree = "<group>"; };
		A28426F7215FB027D4B841B4 /* Pods-selfieGram.release.xcconfig */ = {isa = PBXFileReference; includeInIndex = 1; lastKnownFileType = text.xcconfig; name = "Pods-selfieGram.release.xcconfig"; path = "Pods/Target Support Files/Pods-selfieGram/Pods-selfieGram.release.xcconfig"; sourceTree = "<group>"; };
		AC44E644AB7F9CB8204A767A /* Pods_selfieGramTests.framework */ = {isa = PBXFileReference; explicitFileType = wrapper.framework; includeInIndex = 0; path = Pods_selfieGramTests.framework; sourceTree = BUILT_PRODUCTS_DIR; };
		E1ECFCFD947C494FA1DF00E9 /* Pods_selfieGram.framework */ = {isa = PBXFileReference; explicitFileType = wrapper.framework; includeInIndex = 0; path = Pods_selfieGram.framework; sourceTree = BUILT_PRODUCTS_DIR; };
		E909D9061062BD365CD689AC /* Pods-selfieGram.debug.xcconfig */ = {isa = PBXFileReference; includeInIndex = 1; lastKnownFileType = text.xcconfig; name = "Pods-selfieGram.debug.xcconfig"; path = "Pods/Target Support Files/Pods-selfieGram/Pods-selfieGram.debug.xcconfig"; sourceTree = "<group>"; };
/* End PBXFileReference section */

/* Begin PBXFrameworksBuildPhase section */
		17AA72A91FABE1E00042FFEE /* Frameworks */ = {
			isa = PBXFrameworksBuildPhase;
			buildActionMask = 2147483647;
			files = (
				63499790C7DA31B49016A2E6 /* Pods_selfieGram.framework in Frameworks */,
			);
			runOnlyForDeploymentPostprocessing = 0;
		};
		17AA72BD1FABE1E10042FFEE /* Frameworks */ = {
			isa = PBXFrameworksBuildPhase;
			buildActionMask = 2147483647;
			files = (
				A0B410A4BAAD5B00184348DF /* Pods_selfieGramTests.framework in Frameworks */,
			);
			runOnlyForDeploymentPostprocessing = 0;
		};
		17AA72C81FABE1E10042FFEE /* Frameworks */ = {
			isa = PBXFrameworksBuildPhase;
			buildActionMask = 2147483647;
			files = (
				26DBF86E9BBEC84412B6202F /* Pods_selfieGramUITests.framework in Frameworks */,
			);
			runOnlyForDeploymentPostprocessing = 0;
		};
/* End PBXFrameworksBuildPhase section */

/* Begin PBXGroup section */
		17AA72A31FABE1E00042FFEE = {
			isa = PBXGroup;
			children = (
				17AA72AE1FABE1E00042FFEE /* selfieGram */,
				17AA72C31FABE1E10042FFEE /* selfieGramTests */,
				17AA72CE1FABE1E10042FFEE /* selfieGramUITests */,
				17AA72AD1FABE1E00042FFEE /* Products */,
				C8DDDA4848299F2EC27CE79D /* Pods */,
				8D46638BA6815C622FBE5ECE /* Frameworks */,
			);
			sourceTree = "<group>";
		};
		17AA72AD1FABE1E00042FFEE /* Products */ = {
			isa = PBXGroup;
			children = (
				17AA72AC1FABE1E00042FFEE /* selfieGram.app */,
				17AA72C01FABE1E10042FFEE /* selfieGramTests.xctest */,
				17AA72CB1FABE1E10042FFEE /* selfieGramUITests.xctest */,
			);
			name = Products;
			sourceTree = "<group>";
		};
		17AA72AE1FABE1E00042FFEE /* selfieGram */ = {
			isa = PBXGroup;
			children = (
				17AA72AF1FABE1E10042FFEE /* AppDelegate.swift */,
				17AA72B11FABE1E10042FFEE /* ViewController.swift */,
				17AA72B31FABE1E10042FFEE /* Main.storyboard */,
				1702271E1FBE6324008F06EA /* SelfieCell.swift */,
				1702271C1FBBC36C008F06EA /* FeedViewController.swift */,
				171B91B81FB5335F004D600E /* User.swift */,
				171B91BA1FB5351B004D600E /* Post.swift */,
				171B91B61FB28C50004D600E /* ProfileViewController.swift */,
				17AA72B61FABE1E10042FFEE /* Assets.xcassets */,
				17AA72B81FABE1E10042FFEE /* LaunchScreen.storyboard */,
				17AA72BB1FABE1E10042FFEE /* Info.plist */,
			);
			path = selfieGram;
			sourceTree = "<group>";
		};
		17AA72C31FABE1E10042FFEE /* selfieGramTests */ = {
			isa = PBXGroup;
			children = (
				17AA72C41FABE1E10042FFEE /* selfieGramTests.swift */,
				17AA72C61FABE1E10042FFEE /* Info.plist */,
			);
			path = selfieGramTests;
			sourceTree = "<group>";
		};
		17AA72CE1FABE1E10042FFEE /* selfieGramUITests */ = {
			isa = PBXGroup;
			children = (
				17AA72CF1FABE1E10042FFEE /* selfieGramUITests.swift */,
				17AA72D11FABE1E10042FFEE /* Info.plist */,
			);
			path = selfieGramUITests;
			sourceTree = "<group>";
		};
		8D46638BA6815C622FBE5ECE /* Frameworks */ = {
			isa = PBXGroup;
			children = (
				E1ECFCFD947C494FA1DF00E9 /* Pods_selfieGram.framework */,
				AC44E644AB7F9CB8204A767A /* Pods_selfieGramTests.framework */,
				41842A6001C07BE7126DA271 /* Pods_selfieGramUITests.framework */,
			);
			name = Frameworks;
			sourceTree = "<group>";
		};
		C8DDDA4848299F2EC27CE79D /* Pods */ = {
			isa = PBXGroup;
			children = (
				E909D9061062BD365CD689AC /* Pods-selfieGram.debug.xcconfig */,
				A28426F7215FB027D4B841B4 /* Pods-selfieGram.release.xcconfig */,
				46399594134A934D6D21CE95 /* Pods-selfieGramTests.debug.xcconfig */,
				1E750DFB1BA7426FC1D3E8EF /* Pods-selfieGramTests.release.xcconfig */,
				13185DE47A51AB28AC6FCEC5 /* Pods-selfieGramUITests.debug.xcconfig */,
				75F23320E1EB980EB75B8644 /* Pods-selfieGramUITests.release.xcconfig */,
			);
			name = Pods;
			sourceTree = "<group>";
		};
/* End PBXGroup section */

/* Begin PBXNativeTarget section */
		17AA72AB1FABE1E00042FFEE /* selfieGram */ = {
			isa = PBXNativeTarget;
			buildConfigurationList = 17AA72D41FABE1E10042FFEE /* Build configuration list for PBXNativeTarget "selfieGram" */;
			buildPhases = (
				C65AFC15B492C489297AA4B2 /* [CP] Check Pods Manifest.lock */,
				17AA72A81FABE1E00042FFEE /* Sources */,
				17AA72A91FABE1E00042FFEE /* Frameworks */,
				17AA72AA1FABE1E00042FFEE /* Resources */,
				D5E55DBA29274F5C21248C8E /* [CP] Embed Pods Frameworks */,
				F83B82ED46737E35FCE4A4F2 /* [CP] Copy Pods Resources */,
			);
			buildRules = (
			);
			dependencies = (
			);
			name = selfieGram;
			productName = selfieGram;
			productReference = 17AA72AC1FABE1E00042FFEE /* selfieGram.app */;
			productType = "com.apple.product-type.application";
		};
		17AA72BF1FABE1E10042FFEE /* selfieGramTests */ = {
			isa = PBXNativeTarget;
			buildConfigurationList = 17AA72D71FABE1E10042FFEE /* Build configuration list for PBXNativeTarget "selfieGramTests" */;
			buildPhases = (
				089890A72132593ABEB3543D /* [CP] Check Pods Manifest.lock */,
				17AA72BC1FABE1E10042FFEE /* Sources */,
				17AA72BD1FABE1E10042FFEE /* Frameworks */,
				17AA72BE1FABE1E10042FFEE /* Resources */,
				E80DAAA9064435D636FD577F /* [CP] Embed Pods Frameworks */,
				25841C8AC4CA88A473008109 /* [CP] Copy Pods Resources */,
			);
			buildRules = (
			);
			dependencies = (
				17AA72C21FABE1E10042FFEE /* PBXTargetDependency */,
			);
			name = selfieGramTests;
			productName = selfieGramTests;
			productReference = 17AA72C01FABE1E10042FFEE /* selfieGramTests.xctest */;
			productType = "com.apple.product-type.bundle.unit-test";
		};
		17AA72CA1FABE1E10042FFEE /* selfieGramUITests */ = {
			isa = PBXNativeTarget;
			buildConfigurationList = 17AA72DA1FABE1E10042FFEE /* Build configuration list for PBXNativeTarget "selfieGramUITests" */;
			buildPhases = (
				C8A7C1FDDB4921B6902E5139 /* [CP] Check Pods Manifest.lock */,
				17AA72C71FABE1E10042FFEE /* Sources */,
				17AA72C81FABE1E10042FFEE /* Frameworks */,
				17AA72C91FABE1E10042FFEE /* Resources */,
				23B3B6D861A8E3AD9993633F /* [CP] Embed Pods Frameworks */,
				D0FCFEA2CD5506363FB15F9D /* [CP] Copy Pods Resources */,
			);
			buildRules = (
			);
			dependencies = (
				17AA72CD1FABE1E10042FFEE /* PBXTargetDependency */,
			);
			name = selfieGramUITests;
			productName = selfieGramUITests;
			productReference = 17AA72CB1FABE1E10042FFEE /* selfieGramUITests.xctest */;
			productType = "com.apple.product-type.bundle.ui-testing";
		};
/* End PBXNativeTarget section */

/* Begin PBXProject section */
		17AA72A41FABE1E00042FFEE /* Project object */ = {
			isa = PBXProject;
			attributes = {
				LastSwiftUpdateCheck = 0900;
				LastUpgradeCheck = 0900;
				ORGANIZATIONNAME = "Ernest Thu";
				TargetAttributes = {
					17AA72AB1FABE1E00042FFEE = {
						CreatedOnToolsVersion = 9.0.1;
						ProvisioningStyle = Automatic;
					};
					17AA72BF1FABE1E10042FFEE = {
						CreatedOnToolsVersion = 9.0.1;
						ProvisioningStyle = Automatic;
						TestTargetID = 17AA72AB1FABE1E00042FFEE;
					};
					17AA72CA1FABE1E10042FFEE = {
						CreatedOnToolsVersion = 9.0.1;
						ProvisioningStyle = Automatic;
						TestTargetID = 17AA72AB1FABE1E00042FFEE;
					};
				};
			};
			buildConfigurationList = 17AA72A71FABE1E00042FFEE /* Build configuration list for PBXProject "selfieGram" */;
			compatibilityVersion = "Xcode 8.0";
			developmentRegion = en;
			hasScannedForEncodings = 0;
			knownRegions = (
				en,
				Base,
			);
			mainGroup = 17AA72A31FABE1E00042FFEE;
			productRefGroup = 17AA72AD1FABE1E00042FFEE /* Products */;
			projectDirPath = "";
			projectRoot = "";
			targets = (
				17AA72AB1FABE1E00042FFEE /* selfieGram */,
				17AA72BF1FABE1E10042FFEE /* selfieGramTests */,
				17AA72CA1FABE1E10042FFEE /* selfieGramUITests */,
			);
		};
/* End PBXProject section */

/* Begin PBXResourcesBuildPhase section */
		17AA72AA1FABE1E00042FFEE /* Resources */ = {
			isa = PBXResourcesBuildPhase;
			buildActionMask = 2147483647;
			files = (
				17AA72BA1FABE1E10042FFEE /* LaunchScreen.storyboard in Resources */,
				17AA72B71FABE1E10042FFEE /* Assets.xcassets in Resources */,
				17AA72B51FABE1E10042FFEE /* Main.storyboard in Resources */,
			);
			runOnlyForDeploymentPostprocessing = 0;
		};
		17AA72BE1FABE1E10042FFEE /* Resources */ = {
			isa = PBXResourcesBuildPhase;
			buildActionMask = 2147483647;
			files = (
			);
			runOnlyForDeploymentPostprocessing = 0;
		};
		17AA72C91FABE1E10042FFEE /* Resources */ = {
			isa = PBXResourcesBuildPhase;
			buildActionMask = 2147483647;
			files = (
			);
			runOnlyForDeploymentPostprocessing = 0;
		};
/* End PBXResourcesBuildPhase section */

/* Begin PBXShellScriptBuildPhase section */
		089890A72132593ABEB3543D /* [CP] Check Pods Manifest.lock */ = {
			isa = PBXShellScriptBuildPhase;
			buildActionMask = 2147483647;
			files = (
			);
			inputPaths = (
				"${PODS_PODFILE_DIR_PATH}/Podfile.lock",
				"${PODS_ROOT}/Manifest.lock",
			);
			name = "[CP] Check Pods Manifest.lock";
			outputPaths = (
				"$(DERIVED_FILE_DIR)/Pods-selfieGramTests-checkManifestLockResult.txt",
			);
			runOnlyForDeploymentPostprocessing = 0;
			shellPath = /bin/sh;
			shellScript = "diff \"${PODS_PODFILE_DIR_PATH}/Podfile.lock\" \"${PODS_ROOT}/Manifest.lock\" > /dev/null\nif [ $? != 0 ] ; then\n    # print error to STDERR\n    echo \"error: The sandbox is not in sync with the Podfile.lock. Run 'pod install' or update your CocoaPods installation.\" >&2\n    exit 1\nfi\n# This output is used by Xcode 'outputs' to avoid re-running this script phase.\necho \"SUCCESS\" > \"${SCRIPT_OUTPUT_FILE_0}\"\n";
			showEnvVarsInLog = 0;
		};
		23B3B6D861A8E3AD9993633F /* [CP] Embed Pods Frameworks */ = {
			isa = PBXShellScriptBuildPhase;
			buildActionMask = 2147483647;
			files = (
			);
			inputPaths = (
			);
			name = "[CP] Embed Pods Frameworks";
			outputPaths = (
			);
			runOnlyForDeploymentPostprocessing = 0;
			shellPath = /bin/sh;
			shellScript = "\"${SRCROOT}/Pods/Target Support Files/Pods-selfieGramUITests/Pods-selfieGramUITests-frameworks.sh\"\n";
			showEnvVarsInLog = 0;
		};
		25841C8AC4CA88A473008109 /* [CP] Copy Pods Resources */ = {
			isa = PBXShellScriptBuildPhase;
			buildActionMask = 2147483647;
			files = (
			);
			inputPaths = (
			);
			name = "[CP] Copy Pods Resources";
			outputPaths = (
			);
			runOnlyForDeploymentPostprocessing = 0;
			shellPath = /bin/sh;
			shellScript = "\"${SRCROOT}/Pods/Target Support Files/Pods-selfieGramTests/Pods-selfieGramTests-resources.sh\"\n";
			showEnvVarsInLog = 0;
		};
		C65AFC15B492C489297AA4B2 /* [CP] Check Pods Manifest.lock */ = {
			isa = PBXShellScriptBuildPhase;
			buildActionMask = 2147483647;
			files = (
			);
			inputPaths = (
				"${PODS_PODFILE_DIR_PATH}/Podfile.lock",
				"${PODS_ROOT}/Manifest.lock",
			);
			name = "[CP] Check Pods Manifest.lock";
			outputPaths = (
				"$(DERIVED_FILE_DIR)/Pods-selfieGram-checkManifestLockResult.txt",
			);
			runOnlyForDeploymentPostprocessing = 0;
			shellPath = /bin/sh;
			shellScript = "diff \"${PODS_PODFILE_DIR_PATH}/Podfile.lock\" \"${PODS_ROOT}/Manifest.lock\" > /dev/null\nif [ $? != 0 ] ; then\n    # print error to STDERR\n    echo \"error: The sandbox is not in sync with the Podfile.lock. Run 'pod install' or update your CocoaPods installation.\" >&2\n    exit 1\nfi\n# This output is used by Xcode 'outputs' to avoid re-running this script phase.\necho \"SUCCESS\" > \"${SCRIPT_OUTPUT_FILE_0}\"\n";
			showEnvVarsInLog = 0;
		};
		C8A7C1FDDB4921B6902E5139 /* [CP] Check Pods Manifest.lock */ = {
			isa = PBXShellScriptBuildPhase;
			buildActionMask = 2147483647;
			files = (
			);
			inputPaths = (
				"${PODS_PODFILE_DIR_PATH}/Podfile.lock",
				"${PODS_ROOT}/Manifest.lock",
			);
			name = "[CP] Check Pods Manifest.lock";
			outputPaths = (
				"$(DERIVED_FILE_DIR)/Pods-selfieGramUITests-checkManifestLockResult.txt",
			);
			runOnlyForDeploymentPostprocessing = 0;
			shellPath = /bin/sh;
			shellScript = "diff \"${PODS_PODFILE_DIR_PATH}/Podfile.lock\" \"${PODS_ROOT}/Manifest.lock\" > /dev/null\nif [ $? != 0 ] ; then\n    # print error to STDERR\n    echo \"error: The sandbox is not in sync with the Podfile.lock. Run 'pod install' or update your CocoaPods installation.\" >&2\n    exit 1\nfi\n# This output is used by Xcode 'outputs' to avoid re-running this script phase.\necho \"SUCCESS\" > \"${SCRIPT_OUTPUT_FILE_0}\"\n";
			showEnvVarsInLog = 0;
		};
		D0FCFEA2CD5506363FB15F9D /* [CP] Copy Pods Resources */ = {
			isa = PBXShellScriptBuildPhase;
			buildActionMask = 2147483647;
			files = (
			);
			inputPaths = (
			);
			name = "[CP] Copy Pods Resources";
			outputPaths = (
			);
			runOnlyForDeploymentPostprocessing = 0;
			shellPath = /bin/sh;
			shellScript = "\"${SRCROOT}/Pods/Target Support Files/Pods-selfieGramUITests/Pods-selfieGramUITests-resources.sh\"\n";
			showEnvVarsInLog = 0;
		};
		D5E55DBA29274F5C21248C8E /* [CP] Embed Pods Frameworks */ = {
			isa = PBXShellScriptBuildPhase;
			buildActionMask = 2147483647;
			files = (
			);
			inputPaths = (
				"${SRCROOT}/Pods/Target Support Files/Pods-selfieGram/Pods-selfieGram-frameworks.sh",
				"${BUILT_PRODUCTS_DIR}/Bolts/Bolts.framework",
				"${BUILT_PRODUCTS_DIR}/Parse/Parse.framework",
			);
			name = "[CP] Embed Pods Frameworks";
			outputPaths = (
				"${TARGET_BUILD_DIR}/${FRAMEWORKS_FOLDER_PATH}/Bolts.framework",
				"${TARGET_BUILD_DIR}/${FRAMEWORKS_FOLDER_PATH}/Parse.framework",
			);
			runOnlyForDeploymentPostprocessing = 0;
			shellPath = /bin/sh;
			shellScript = "\"${SRCROOT}/Pods/Target Support Files/Pods-selfieGram/Pods-selfieGram-frameworks.sh\"\n";
			showEnvVarsInLog = 0;
		};
		E80DAAA9064435D636FD577F /* [CP] Embed Pods Frameworks */ = {
			isa = PBXShellScriptBuildPhase;
			buildActionMask = 2147483647;
			files = (
			);
			inputPaths = (
			);
			name = "[CP] Embed Pods Frameworks";
			outputPaths = (
			);
			runOnlyForDeploymentPostprocessing = 0;
			shellPath = /bin/sh;
			shellScript = "\"${SRCROOT}/Pods/Target Support Files/Pods-selfieGramTests/Pods-selfieGramTests-frameworks.sh\"\n";
			showEnvVarsInLog = 0;
		};
		F83B82ED46737E35FCE4A4F2 /* [CP] Copy Pods Resources */ = {
			isa = PBXShellScriptBuildPhase;
			buildActionMask = 2147483647;
			files = (
			);
			inputPaths = (
			);
			name = "[CP] Copy Pods Resources";
			outputPaths = (
			);
			runOnlyForDeploymentPostprocessing = 0;
			shellPath = /bin/sh;
			shellScript = "\"${SRCROOT}/Pods/Target Support Files/Pods-selfieGram/Pods-selfieGram-resources.sh\"\n";
			showEnvVarsInLog = 0;
		};
/* End PBXShellScriptBuildPhase section */

/* Begin PBXSourcesBuildPhase section */
		17AA72A81FABE1E00042FFEE /* Sources */ = {
			isa = PBXSourcesBuildPhase;
			buildActionMask = 2147483647;
			files = (
				171B91B91FB5335F004D600E /* User.swift in Sources */,
				171B91B71FB28C50004D600E /* ProfileViewController.swift in Sources */,
				1702271F1FBE6324008F06EA /* SelfieCell.swift in Sources */,
				17AA72B21FABE1E10042FFEE /* ViewController.swift in Sources */,
				17AA72B01FABE1E10042FFEE /* AppDelegate.swift in Sources */,
				1702271D1FBBC36C008F06EA /* FeedViewController.swift in Sources */,
				171B91BB1FB5351B004D600E /* Post.swift in Sources */,
			);
			runOnlyForDeploymentPostprocessing = 0;
		};
		17AA72BC1FABE1E10042FFEE /* Sources */ = {
			isa = PBXSourcesBuildPhase;
			buildActionMask = 2147483647;
			files = (
				17AA72C51FABE1E10042FFEE /* selfieGramTests.swift in Sources */,
			);
			runOnlyForDeploymentPostprocessing = 0;
		};
		17AA72C71FABE1E10042FFEE /* Sources */ = {
			isa = PBXSourcesBuildPhase;
			buildActionMask = 2147483647;
			files = (
				17AA72D01FABE1E10042FFEE /* selfieGramUITests.swift in Sources */,
			);
			runOnlyForDeploymentPostprocessing = 0;
		};
/* End PBXSourcesBuildPhase section */

/* Begin PBXTargetDependency section */
		17AA72C21FABE1E10042FFEE /* PBXTargetDependency */ = {
			isa = PBXTargetDependency;
			target = 17AA72AB1FABE1E00042FFEE /* selfieGram */;
			targetProxy = 17AA72C11FABE1E10042FFEE /* PBXContainerItemProxy */;
		};
		17AA72CD1FABE1E10042FFEE /* PBXTargetDependency */ = {
			isa = PBXTargetDependency;
			target = 17AA72AB1FABE1E00042FFEE /* selfieGram */;
			targetProxy = 17AA72CC1FABE1E10042FFEE /* PBXContainerItemProxy */;
		};
/* End PBXTargetDependency section */

/* Begin PBXVariantGroup section */
		17AA72B31FABE1E10042FFEE /* Main.storyboard */ = {
			isa = PBXVariantGroup;
			children = (
				17AA72B41FABE1E10042FFEE /* Base */,
			);
			name = Main.storyboard;
			sourceTree = "<group>";
		};
		17AA72B81FABE1E10042FFEE /* LaunchScreen.storyboard */ = {
			isa = PBXVariantGroup;
			children = (
				17AA72B91FABE1E10042FFEE /* Base */,
			);
			name = LaunchScreen.storyboard;
			sourceTree = "<group>";
		};
/* End PBXVariantGroup section */

/* Begin XCBuildConfiguration section */
		17AA72D21FABE1E10042FFEE /* Debug */ = {
			isa = XCBuildConfiguration;
			buildSettings = {
				ALWAYS_SEARCH_USER_PATHS = NO;
				CLANG_ANALYZER_NONNULL = YES;
				CLANG_ANALYZER_NUMBER_OBJECT_CONVERSION = YES_AGGRESSIVE;
				CLANG_CXX_LANGUAGE_STANDARD = "gnu++14";
				CLANG_CXX_LIBRARY = "libc++";
				CLANG_ENABLE_MODULES = YES;
				CLANG_ENABLE_OBJC_ARC = YES;
				CLANG_WARN_BLOCK_CAPTURE_AUTORELEASING = YES;
				CLANG_WARN_BOOL_CONVERSION = YES;
				CLANG_WARN_COMMA = YES;
				CLANG_WARN_CONSTANT_CONVERSION = YES;
				CLANG_WARN_DIRECT_OBJC_ISA_USAGE = YES_ERROR;
				CLANG_WARN_DOCUMENTATION_COMMENTS = YES;
				CLANG_WARN_EMPTY_BODY = YES;
				CLANG_WARN_ENUM_CONVERSION = YES;
				CLANG_WARN_INFINITE_RECURSION = YES;
				CLANG_WARN_INT_CONVERSION = YES;
				CLANG_WARN_NON_LITERAL_NULL_CONVERSION = YES;
				CLANG_WARN_OBJC_LITERAL_CONVERSION = YES;
				CLANG_WARN_OBJC_ROOT_CLASS = YES_ERROR;
				CLANG_WARN_RANGE_LOOP_ANALYSIS = YES;
				CLANG_WARN_STRICT_PROTOTYPES = YES;
				CLANG_WARN_SUSPICIOUS_MOVE = YES;
				CLANG_WARN_UNGUARDED_AVAILABILITY = YES_AGGRESSIVE;
				CLANG_WARN_UNREACHABLE_CODE = YES;
				CLANG_WARN__DUPLICATE_METHOD_MATCH = YES;
				CODE_SIGN_IDENTITY = "iPhone Developer";
				COPY_PHASE_STRIP = NO;
				DEBUG_INFORMATION_FORMAT = dwarf;
				ENABLE_STRICT_OBJC_MSGSEND = YES;
				ENABLE_TESTABILITY = YES;
				GCC_C_LANGUAGE_STANDARD = gnu11;
				GCC_DYNAMIC_NO_PIC = NO;
				GCC_NO_COMMON_BLOCKS = YES;
				GCC_OPTIMIZATION_LEVEL = 0;
				GCC_PREPROCESSOR_DEFINITIONS = (
					"DEBUG=1",
					"$(inherited)",
				);
				GCC_WARN_64_TO_32_BIT_CONVERSION = YES;
				GCC_WARN_ABOUT_RETURN_TYPE = YES_ERROR;
				GCC_WARN_UNDECLARED_SELECTOR = YES;
				GCC_WARN_UNINITIALIZED_AUTOS = YES_AGGRESSIVE;
				GCC_WARN_UNUSED_FUNCTION = YES;
				GCC_WARN_UNUSED_VARIABLE = YES;
				IPHONEOS_DEPLOYMENT_TARGET = 11.0;
				MTL_ENABLE_DEBUG_INFO = YES;
				ONLY_ACTIVE_ARCH = YES;
				SDKROOT = iphoneos;
				SWIFT_ACTIVE_COMPILATION_CONDITIONS = DEBUG;
				SWIFT_OPTIMIZATION_LEVEL = "-Onone";
			};
			name = Debug;
		};
		17AA72D31FABE1E10042FFEE /* Release */ = {
			isa = XCBuildConfiguration;
			buildSettings = {
				ALWAYS_SEARCH_USER_PATHS = NO;
				CLANG_ANALYZER_NONNULL = YES;
				CLANG_ANALYZER_NUMBER_OBJECT_CONVERSION = YES_AGGRESSIVE;
				CLANG_CXX_LANGUAGE_STANDARD = "gnu++14";
				CLANG_CXX_LIBRARY = "libc++";
				CLANG_ENABLE_MODULES = YES;
				CLANG_ENABLE_OBJC_ARC = YES;
				CLANG_WARN_BLOCK_CAPTURE_AUTORELEASING = YES;
				CLANG_WARN_BOOL_CONVERSION = YES;
				CLANG_WARN_COMMA = YES;
				CLANG_WARN_CONSTANT_CONVERSION = YES;
				CLANG_WARN_DIRECT_OBJC_ISA_USAGE = YES_ERROR;
				CLANG_WARN_DOCUMENTATION_COMMENTS = YES;
				CLANG_WARN_EMPTY_BODY = YES;
				CLANG_WARN_ENUM_CONVERSION = YES;
				CLANG_WARN_INFINITE_RECURSION = YES;
				CLANG_WARN_INT_CONVERSION = YES;
				CLANG_WARN_NON_LITERAL_NULL_CONVERSION = YES;
				CLANG_WARN_OBJC_LITERAL_CONVERSION = YES;
				CLANG_WARN_OBJC_ROOT_CLASS = YES_ERROR;
				CLANG_WARN_RANGE_LOOP_ANALYSIS = YES;
				CLANG_WARN_STRICT_PROTOTYPES = YES;
				CLANG_WARN_SUSPICIOUS_MOVE = YES;
				CLANG_WARN_UNGUARDED_AVAILABILITY = YES_AGGRESSIVE;
				CLANG_WARN_UNREACHABLE_CODE = YES;
				CLANG_WARN__DUPLICATE_METHOD_MATCH = YES;
				CODE_SIGN_IDENTITY = "iPhone Developer";
				COPY_PHASE_STRIP = NO;
				DEBUG_INFORMATION_FORMAT = "dwarf-with-dsym";
				ENABLE_NS_ASSERTIONS = NO;
				ENABLE_STRICT_OBJC_MSGSEND = YES;
				GCC_C_LANGUAGE_STANDARD = gnu11;
				GCC_NO_COMMON_BLOCKS = YES;
				GCC_WARN_64_TO_32_BIT_CONVERSION = YES;
				GCC_WARN_ABOUT_RETURN_TYPE = YES_ERROR;
				GCC_WARN_UNDECLARED_SELECTOR = YES;
				GCC_WARN_UNINITIALIZED_AUTOS = YES_AGGRESSIVE;
				GCC_WARN_UNUSED_FUNCTION = YES;
				GCC_WARN_UNUSED_VARIABLE = YES;
				IPHONEOS_DEPLOYMENT_TARGET = 11.0;
				MTL_ENABLE_DEBUG_INFO = NO;
				SDKROOT = iphoneos;
				SWIFT_OPTIMIZATION_LEVEL = "-Owholemodule";
				VALIDATE_PRODUCT = YES;
			};
			name = Release;
		};
		17AA72D51FABE1E10042FFEE /* Debug */ = {
			isa = XCBuildConfiguration;
			baseConfigurationReference = E909D9061062BD365CD689AC /* Pods-selfieGram.debug.xcconfig */;
			buildSettings = {
				ASSETCATALOG_COMPILER_APPICON_NAME = AppIcon;
				CODE_SIGN_STYLE = Automatic;
				DEVELOPMENT_TEAM = ZE2EBRV27C;
				INFOPLIST_FILE = selfieGram/Info.plist;
				LD_RUNPATH_SEARCH_PATHS = "$(inherited) @executable_path/Frameworks";
				PRODUCT_BUNDLE_IDENTIFIER = Ernest.selfieGram;
				PRODUCT_NAME = "$(TARGET_NAME)";
				SWIFT_VERSION = 4.0;
				TARGETED_DEVICE_FAMILY = "1,2";
			};
			name = Debug;
		};
		17AA72D61FABE1E10042FFEE /* Release */ = {
			isa = XCBuildConfiguration;
			baseConfigurationReference = A28426F7215FB027D4B841B4 /* Pods-selfieGram.release.xcconfig */;
			buildSettings = {
				ASSETCATALOG_COMPILER_APPICON_NAME = AppIcon;
				CODE_SIGN_STYLE = Automatic;
				DEVELOPMENT_TEAM = ZE2EBRV27C;
				INFOPLIST_FILE = selfieGram/Info.plist;
				LD_RUNPATH_SEARCH_PATHS = "$(inherited) @executable_path/Frameworks";
				PRODUCT_BUNDLE_IDENTIFIER = Ernest.selfieGram;
				PRODUCT_NAME = "$(TARGET_NAME)";
				SWIFT_VERSION = 4.0;
				TARGETED_DEVICE_FAMILY = "1,2";
			};
			name = Release;
		};
		17AA72D81FABE1E10042FFEE /* Debug */ = {
			isa = XCBuildConfiguration;
			baseConfigurationReference = 46399594134A934D6D21CE95 /* Pods-selfieGramTests.debug.xcconfig */;
			buildSettings = {
				ALWAYS_EMBED_SWIFT_STANDARD_LIBRARIES = YES;
				BUNDLE_LOADER = "$(TEST_HOST)";
				CODE_SIGN_STYLE = Automatic;
				DEVELOPMENT_TEAM = ZE2EBRV27C;
				INFOPLIST_FILE = selfieGramTests/Info.plist;
				LD_RUNPATH_SEARCH_PATHS = "$(inherited) @executable_path/Frameworks @loader_path/Frameworks";
				PRODUCT_BUNDLE_IDENTIFIER = Ernest.selfieGramTests;
				PRODUCT_NAME = "$(TARGET_NAME)";
				SWIFT_VERSION = 4.0;
				TARGETED_DEVICE_FAMILY = "1,2";
				TEST_HOST = "$(BUILT_PRODUCTS_DIR)/selfieGram.app/selfieGram";
			};
			name = Debug;
		};
		17AA72D91FABE1E10042FFEE /* Release */ = {
			isa = XCBuildConfiguration;
			baseConfigurationReference = 1E750DFB1BA7426FC1D3E8EF /* Pods-selfieGramTests.release.xcconfig */;
			buildSettings = {
				ALWAYS_EMBED_SWIFT_STANDARD_LIBRARIES = YES;
				BUNDLE_LOADER = "$(TEST_HOST)";
				CODE_SIGN_STYLE = Automatic;
				DEVELOPMENT_TEAM = ZE2EBRV27C;
				INFOPLIST_FILE = selfieGramTests/Info.plist;
				LD_RUNPATH_SEARCH_PATHS = "$(inherited) @executable_path/Frameworks @loader_path/Frameworks";
				PRODUCT_BUNDLE_IDENTIFIER = Ernest.selfieGramTests;
				PRODUCT_NAME = "$(TARGET_NAME)";
				SWIFT_VERSION = 4.0;
				TARGETED_DEVICE_FAMILY = "1,2";
				TEST_HOST = "$(BUILT_PRODUCTS_DIR)/selfieGram.app/selfieGram";
			};
			name = Release;
		};
		17AA72DB1FABE1E10042FFEE /* Debug */ = {
			isa = XCBuildConfiguration;
			baseConfigurationReference = 13185DE47A51AB28AC6FCEC5 /* Pods-selfieGramUITests.debug.xcconfig */;
			buildSettings = {
				ALWAYS_EMBED_SWIFT_STANDARD_LIBRARIES = YES;
				CODE_SIGN_STYLE = Automatic;
				DEVELOPMENT_TEAM = ZE2EBRV27C;
				INFOPLIST_FILE = selfieGramUITests/Info.plist;
				LD_RUNPATH_SEARCH_PATHS = "$(inherited) @executable_path/Frameworks @loader_path/Frameworks";
				PRODUCT_BUNDLE_IDENTIFIER = Ernest.selfieGramUITests;
				PRODUCT_NAME = "$(TARGET_NAME)";
				SWIFT_VERSION = 4.0;
				TARGETED_DEVICE_FAMILY = "1,2";
				TEST_TARGET_NAME = selfieGram;
			};
			name = Debug;
		};
		17AA72DC1FABE1E10042FFEE /* Release */ = {
			isa = XCBuildConfiguration;
			baseConfigurationReference = 75F23320E1EB980EB75B8644 /* Pods-selfieGramUITests.release.xcconfig */;
			buildSettings = {
				ALWAYS_EMBED_SWIFT_STANDARD_LIBRARIES = YES;
				CODE_SIGN_STYLE = Automatic;
				DEVELOPMENT_TEAM = ZE2EBRV27C;
				INFOPLIST_FILE = selfieGramUITests/Info.plist;
				LD_RUNPATH_SEARCH_PATHS = "$(inherited) @executable_path/Frameworks @loader_path/Frameworks";
				PRODUCT_BUNDLE_IDENTIFIER = Ernest.selfieGramUITests;
				PRODUCT_NAME = "$(TARGET_NAME)";
				SWIFT_VERSION = 4.0;
				TARGETED_DEVICE_FAMILY = "1,2";
				TEST_TARGET_NAME = selfieGram;
			};
			name = Release;
		};
/* End XCBuildConfiguration section */

/* Begin XCConfigurationList section */
		17AA72A71FABE1E00042FFEE /* Build configuration list for PBXProject "selfieGram" */ = {
			isa = XCConfigurationList;
			buildConfigurations = (
				17AA72D21FABE1E10042FFEE /* Debug */,
				17AA72D31FABE1E10042FFEE /* Release */,
			);
			defaultConfigurationIsVisible = 0;
			defaultConfigurationName = Release;
		};
		17AA72D41FABE1E10042FFEE /* Build configuration list for PBXNativeTarget "selfieGram" */ = {
			isa = XCConfigurationList;
			buildConfigurations = (
				17AA72D51FABE1E10042FFEE /* Debug */,
				17AA72D61FABE1E10042FFEE /* Release */,
			);
			defaultConfigurationIsVisible = 0;
			defaultConfigurationName = Release;
		};
		17AA72D71FABE1E10042FFEE /* Build configuration list for PBXNativeTarget "selfieGramTests" */ = {
			isa = XCConfigurationList;
			buildConfigurations = (
				17AA72D81FABE1E10042FFEE /* Debug */,
				17AA72D91FABE1E10042FFEE /* Release */,
			);
			defaultConfigurationIsVisible = 0;
			defaultConfigurationName = Release;
		};
		17AA72DA1FABE1E10042FFEE /* Build configuration list for PBXNativeTarget "selfieGramUITests" */ = {
			isa = XCConfigurationList;
			buildConfigurations = (
				17AA72DB1FABE1E10042FFEE /* Debug */,
				17AA72DC1FABE1E10042FFEE /* Release */,
			);
			defaultConfigurationIsVisible = 0;
			defaultConfigurationName = Release;
		};
/* End XCConfigurationList section */
	};
	rootObject = 17AA72A41FABE1E00042FFEE /* Project object */;
}
